
Microsoft Visual Studio Solution File, Format Version 12.00
# Visual Studio Version 16
VisualStudioVersion = 16.0.29709.97
MinimumVisualStudioVersion = 10.0.40219.1
Project("{9A19103F-16F7-4668-BE54-9A1E7A4F7556}") = "TiLi.Api", "TiLi.Api.csproj", "{54BE40F7-4B91-4B23-B7BA-C65328DFB369}"
EndProject
Project("{9A19103F-16F7-4668-BE54-9A1E7A4F7556}") = "TiLi.Infrastructure", "..\TiLi.Infrastructure\TiLi.Infrastructure.csproj", "{DC900B70-7E26-4B63-BC80-F4BEF070FD21}"
EndProject
Project("{2150E333-8FDC-42A3-9474-1A3956D46DE8}") = "NewFolder1", "NewFolder1", "{4A631AE2-2244-4554-A91D-99B0F44EA931}"
	ProjectSection(SolutionItems) = preProject
		sitesOfInterests.txt = sitesOfInterests.txt
	EndProjectSection
EndProject
Project("{9A19103F-16F7-4668-BE54-9A1E7A4F7556}") = "TiLi.Core", "..\TiLi.Core\TiLi.Core.csproj", "{3207C8DA-FAB9-4803-90CA-29090B7223EF}"
EndProject
Project("{2150E333-8FDC-42A3-9474-1A3956D46DE8}") = "Tests", "Tests", "{43673D9F-F5F4-419A-AAE7-9A267C3244FF}"
EndProject
Project("{FAE04EC0-301F-11D3-BF4B-00C04F79EFBC}") = "TiLi.Core.UnitTests", "..\TiLi.Core.UnitTests\TiLi.Core.UnitTests.csproj", "{EC48E8E0-97DB-4D42-9DFD-C3E5146C6352}"
EndProject
Project("{FAE04EC0-301F-11D3-BF4B-00C04F79EFBC}") = "TiLi.Api.UnitTests", "..\TiLi.Api.Unit.Tests\TiLi.Api.UnitTests.csproj", "{7051FB11-3E6D-45E7-A86A-83D05B7682C6}"
EndProject
Global
	GlobalSection(SolutionConfigurationPlatforms) = preSolution
		Debug|Any CPU = Debug|Any CPU
		Release|Any CPU = Release|Any CPU
	EndGlobalSection
	GlobalSection(ProjectConfigurationPlatforms) = postSolution
		{54BE40F7-4B91-4B23-B7BA-C65328DFB369}.Debug|Any CPU.ActiveCfg = Debug|Any CPU
		{54BE40F7-4B91-4B23-B7BA-C65328DFB369}.Debug|Any CPU.Build.0 = Debug|Any CPU
		{54BE40F7-4B91-4B23-B7BA-C65328DFB369}.Release|Any CPU.ActiveCfg = Release|Any CPU
		{54BE40F7-4B91-4B23-B7BA-C65328DFB369}.Release|Any CPU.Build.0 = Release|Any CPU
		{DC900B70-7E26-4B63-BC80-F4BEF070FD21}.Debug|Any CPU.ActiveCfg = Debug|Any CPU
		{DC900B70-7E26-4B63-BC80-F4BEF070FD21}.Debug|Any CPU.Build.0 = Debug|Any CPU
		{DC900B70-7E26-4B63-BC80-F4BEF070FD21}.Release|Any CPU.ActiveCfg = Release|Any CPU
		{DC900B70-7E26-4B63-BC80-F4BEF070FD21}.Release|Any CPU.Build.0 = Release|Any CPU
		{3207C8DA-FAB9-4803-90CA-29090B7223EF}.Debug|Any CPU.ActiveCfg = Debug|Any CPU
		{3207C8DA-FAB9-4803-90CA-29090B7223EF}.Debug|Any CPU.Build.0 = Debug|Any CPU
		{3207C8DA-FAB9-4803-90CA-29090B7223EF}.Release|Any CPU.ActiveCfg = Release|Any CPU
		{3207C8DA-FAB9-4803-90CA-29090B7223EF}.Release|Any CPU.Build.0 = Release|Any CPU
		{EC48E8E0-97DB-4D42-9DFD-C3E5146C6352}.Debug|Any CPU.ActiveCfg = Debug|Any CPU
		{EC48E8E0-97DB-4D42-9DFD-C3E5146C6352}.Debug|Any CPU.Build.0 = Debug|Any CPU
		{EC48E8E0-97DB-4D42-9DFD-C3E5146C6352}.Release|Any CPU.ActiveCfg = Release|Any CPU
		{EC48E8E0-97DB-4D42-9DFD-C3E5146C6352}.Release|Any CPU.Build.0 = Release|Any CPU
		{7051FB11-3E6D-45E7-A86A-83D05B7682C6}.Debug|Any CPU.ActiveCfg = Debug|Any CPU
		{7051FB11-3E6D-45E7-A86A-83D05B7682C6}.Debug|Any CPU.Build.0 = Debug|Any CPU
		{7051FB11-3E6D-45E7-A86A-83D05B7682C6}.Release|Any CPU.ActiveCfg = Release|Any CPU
		{7051FB11-3E6D-45E7-A86A-83D05B7682C6}.Release|Any CPU.Build.0 = Release|Any CPU
	EndGlobalSection
	GlobalSection(SolutionProperties) = preSolution
		HideSolutionNode = FALSE
	EndGlobalSection
	GlobalSection(NestedProjects) = preSolution
		{EC48E8E0-97DB-4D42-9DFD-C3E5146C6352} = {43673D9F-F5F4-419A-AAE7-9A267C3244FF}
		{7051FB11-3E6D-45E7-A86A-83D05B7682C6} = {43673D9F-F5F4-419A-AAE7-9A267C3244FF}
	EndGlobalSection
	GlobalSection(ExtensibilityGlobals) = postSolution
		SolutionGuid = {A7B728B3-FAEE-496E-98B5-CB9DADB9BF2D}
	EndGlobalSection
EndGlobal
